// !$*UTF8*$!
{
	archiveVersion = 1;
	classes = {
	};
	objectVersion = 56;
	objects = {

/* Begin PBXBuildFile section */
		CE8D2C8D2C81F37B00E6E3F4 /* Airbnb_cloneApp.swift in Sources */ = {isa = PBXBuildFile; fileRef = CE8D2C8C2C81F37B00E6E3F4 /* Airbnb_cloneApp.swift */; };
		CE8D2C8F2C81F37B00E6E3F4 /* ContentView.swift in Sources */ = {isa = PBXBuildFile; fileRef = CE8D2C8E2C81F37B00E6E3F4 /* ContentView.swift */; };
		CE8D2C912C81F37E00E6E3F4 /* Assets.xcassets in Resources */ = {isa = PBXBuildFile; fileRef = CE8D2C902C81F37E00E6E3F4 /* Assets.xcassets */; };
		CE8D2C942C81F37E00E6E3F4 /* Preview Assets.xcassets in Resources */ = {isa = PBXBuildFile; fileRef = CE8D2C932C81F37E00E6E3F4 /* Preview Assets.xcassets */; };
		CE8D2C9E2C81F37F00E6E3F4 /* Airbnb_cloneTests.swift in Sources */ = {isa = PBXBuildFile; fileRef = CE8D2C9D2C81F37F00E6E3F4 /* Airbnb_cloneTests.swift */; };
		CE8D2CA82C81F37F00E6E3F4 /* Airbnb_cloneUITests.swift in Sources */ = {isa = PBXBuildFile; fileRef = CE8D2CA72C81F37F00E6E3F4 /* Airbnb_cloneUITests.swift */; };
		CE8D2CAA2C81F37F00E6E3F4 /* Airbnb_cloneUITestsLaunchTests.swift in Sources */ = {isa = PBXBuildFile; fileRef = CE8D2CA92C81F37F00E6E3F4 /* Airbnb_cloneUITestsLaunchTests.swift */; };
		CE8D2CC42C81F76000E6E3F4 /* LoginSignupView.swift in Sources */ = {isa = PBXBuildFile; fileRef = CE8D2CC32C81F76000E6E3F4 /* LoginSignupView.swift */; };
		CE8D2CC62C81F8AC00E6E3F4 /* Montserrat.ttf in Resources */ = {isa = PBXBuildFile; fileRef = CE8D2CC52C81F8AC00E6E3F4 /* Montserrat.ttf */; };
		CE8D2CCB2C8204C900E6E3F4 /* Custom+Font.swift in Sources */ = {isa = PBXBuildFile; fileRef = CE8D2CCA2C8204C900E6E3F4 /* Custom+Font.swift */; };
		CE8D2CD02C8206D800E6E3F4 /* CheckOutNavigation.swift in Sources */ = {isa = PBXBuildFile; fileRef = CE8D2CCF2C8206D800E6E3F4 /* CheckOutNavigation.swift */; };
		CE8D2CD22C82070900E6E3F4 /* ViewBuilder.swift in Sources */ = {isa = PBXBuildFile; fileRef = CE8D2CD12C82070900E6E3F4 /* ViewBuilder.swift */; };
		CE8D2CD42C82071C00E6E3F4 /* Router.swift in Sources */ = {isa = PBXBuildFile; fileRef = CE8D2CD32C82071C00E6E3F4 /* Router.swift */; };
		CE8D2CD62C82073600E6E3F4 /* NavigationController.swift in Sources */ = {isa = PBXBuildFile; fileRef = CE8D2CD52C82073600E6E3F4 /* NavigationController.swift */; };
		CE8D2CD82C82074C00E6E3F4 /* RootNavigationController.swift in Sources */ = {isa = PBXBuildFile; fileRef = CE8D2CD72C82074C00E6E3F4 /* RootNavigationController.swift */; };
		CE8D2CDA2C82076900E6E3F4 /* CustomHostingController.swift in Sources */ = {isa = PBXBuildFile; fileRef = CE8D2CD92C82076900E6E3F4 /* CustomHostingController.swift */; };
/* End PBXBuildFile section */

/* Begin PBXContainerItemProxy section */
		CE8D2C9A2C81F37F00E6E3F4 /* PBXContainerItemProxy */ = {
			isa = PBXContainerItemProxy;
			containerPortal = CE8D2C812C81F37B00E6E3F4 /* Project object */;
			proxyType = 1;
			remoteGlobalIDString = CE8D2C882C81F37B00E6E3F4;
			remoteInfo = "Airbnb-clone";
		};
		CE8D2CA42C81F37F00E6E3F4 /* PBXContainerItemProxy */ = {
			isa = PBXContainerItemProxy;
			containerPortal = CE8D2C812C81F37B00E6E3F4 /* Project object */;
			proxyType = 1;
			remoteGlobalIDString = CE8D2C882C81F37B00E6E3F4;
			remoteInfo = "Airbnb-clone";
		};
/* End PBXContainerItemProxy section */

/* Begin PBXFileReference section */
		CE8D2C892C81F37B00E6E3F4 /* Airbnb-clone.app */ = {isa = PBXFileReference; explicitFileType = wrapper.application; includeInIndex = 0; path = "Airbnb-clone.app"; sourceTree = BUILT_PRODUCTS_DIR; };
		CE8D2C8C2C81F37B00E6E3F4 /* Airbnb_cloneApp.swift */ = {isa = PBXFileReference; lastKnownFileType = sourcecode.swift; path = Airbnb_cloneApp.swift; sourceTree = "<group>"; };
		CE8D2C8E2C81F37B00E6E3F4 /* ContentView.swift */ = {isa = PBXFileReference; lastKnownFileType = sourcecode.swift; path = ContentView.swift; sourceTree = "<group>"; };
		CE8D2C902C81F37E00E6E3F4 /* Assets.xcassets */ = {isa = PBXFileReference; lastKnownFileType = folder.assetcatalog; path = Assets.xcassets; sourceTree = "<group>"; };
		CE8D2C932C81F37E00E6E3F4 /* Preview Assets.xcassets */ = {isa = PBXFileReference; lastKnownFileType = folder.assetcatalog; path = "Preview Assets.xcassets"; sourceTree = "<group>"; };
		CE8D2C992C81F37F00E6E3F4 /* Airbnb-cloneTests.xctest */ = {isa = PBXFileReference; explicitFileType = wrapper.cfbundle; includeInIndex = 0; path = "Airbnb-cloneTests.xctest"; sourceTree = BUILT_PRODUCTS_DIR; };
		CE8D2C9D2C81F37F00E6E3F4 /* Airbnb_cloneTests.swift */ = {isa = PBXFileReference; lastKnownFileType = sourcecode.swift; path = Airbnb_cloneTests.swift; sourceTree = "<group>"; };
		CE8D2CA32C81F37F00E6E3F4 /* Airbnb-cloneUITests.xctest */ = {isa = PBXFileReference; explicitFileType = wrapper.cfbundle; includeInIndex = 0; path = "Airbnb-cloneUITests.xctest"; sourceTree = BUILT_PRODUCTS_DIR; };
		CE8D2CA72C81F37F00E6E3F4 /* Airbnb_cloneUITests.swift */ = {isa = PBXFileReference; lastKnownFileType = sourcecode.swift; path = Airbnb_cloneUITests.swift; sourceTree = "<group>"; };
		CE8D2CA92C81F37F00E6E3F4 /* Airbnb_cloneUITestsLaunchTests.swift */ = {isa = PBXFileReference; lastKnownFileType = sourcecode.swift; path = Airbnb_cloneUITestsLaunchTests.swift; sourceTree = "<group>"; };
		CE8D2CC32C81F76000E6E3F4 /* LoginSignupView.swift */ = {isa = PBXFileReference; lastKnownFileType = sourcecode.swift; path = LoginSignupView.swift; sourceTree = "<group>"; };
		CE8D2CC52C81F8AC00E6E3F4 /* Montserrat.ttf */ = {isa = PBXFileReference; lastKnownFileType = file; path = Montserrat.ttf; sourceTree = "<group>"; };
		CE8D2CC72C81F91900E6E3F4 /* Info.plist */ = {isa = PBXFileReference; lastKnownFileType = text.plist; path = Info.plist; sourceTree = "<group>"; };
		CE8D2CCA2C8204C900E6E3F4 /* Custom+Font.swift */ = {isa = PBXFileReference; lastKnownFileType = sourcecode.swift; name = "Custom+Font.swift"; path = "Airbnb-clone/Feature/Login-Signup/Custom+Font.swift"; sourceTree = SOURCE_ROOT; };
		CE8D2CCF2C8206D800E6E3F4 /* CheckOutNavigation.swift */ = {isa = PBXFileReference; lastKnownFileType = sourcecode.swift; path = CheckOutNavigation.swift; sourceTree = "<group>"; };
		CE8D2CD12C82070900E6E3F4 /* ViewBuilder.swift */ = {isa = PBXFileReference; lastKnownFileType = sourcecode.swift; path = ViewBuilder.swift; sourceTree = "<group>"; };
		CE8D2CD32C82071C00E6E3F4 /* Router.swift */ = {isa = PBXFileReference; lastKnownFileType = sourcecode.swift; path = Router.swift; sourceTree = "<group>"; };
		CE8D2CD52C82073600E6E3F4 /* NavigationController.swift */ = {isa = PBXFileReference; lastKnownFileType = sourcecode.swift; path = NavigationController.swift; sourceTree = "<group>"; };
		CE8D2CD72C82074C00E6E3F4 /* RootNavigationController.swift */ = {isa = PBXFileReference; lastKnownFileType = sourcecode.swift; path = RootNavigationController.swift; sourceTree = "<group>"; };
		CE8D2CD92C82076900E6E3F4 /* CustomHostingController.swift */ = {isa = PBXFileReference; lastKnownFileType = sourcecode.swift; path = CustomHostingController.swift; sourceTree = "<group>"; };
/* End PBXFileReference section */

/* Begin PBXFrameworksBuildPhase section */
		CE8D2C862C81F37B00E6E3F4 /* Frameworks */ = {
			isa = PBXFrameworksBuildPhase;
			buildActionMask = 2147483647;
			files = (
			);
			runOnlyForDeploymentPostprocessing = 0;
		};
		CE8D2C962C81F37F00E6E3F4 /* Frameworks */ = {
			isa = PBXFrameworksBuildPhase;
			buildActionMask = 2147483647;
			files = (
			);
			runOnlyForDeploymentPostprocessing = 0;
		};
		CE8D2CA02C81F37F00E6E3F4 /* Frameworks */ = {
			isa = PBXFrameworksBuildPhase;
			buildActionMask = 2147483647;
			files = (
			);
			runOnlyForDeploymentPostprocessing = 0;
		};
/* End PBXFrameworksBuildPhase section */

/* Begin PBXGroup section */
		CE8D2C802C81F37B00E6E3F4 = {
			isa = PBXGroup;
			children = (
				CE8D2C8B2C81F37B00E6E3F4 /* Airbnb-clone */,
				CE8D2C9C2C81F37F00E6E3F4 /* Airbnb-cloneTests */,
				CE8D2CA62C81F37F00E6E3F4 /* Airbnb-cloneUITests */,
				CE8D2C8A2C81F37B00E6E3F4 /* Products */,
			);
			sourceTree = "<group>";
		};
		CE8D2C8A2C81F37B00E6E3F4 /* Products */ = {
			isa = PBXGroup;
			children = (
				CE8D2C892C81F37B00E6E3F4 /* Airbnb-clone.app */,
				CE8D2C992C81F37F00E6E3F4 /* Airbnb-cloneTests.xctest */,
				CE8D2CA32C81F37F00E6E3F4 /* Airbnb-cloneUITests.xctest */,
			);
			name = Products;
			sourceTree = "<group>";
		};
		CE8D2C8B2C81F37B00E6E3F4 /* Airbnb-clone */ = {
			isa = PBXGroup;
			children = (
				CE8D2CC72C81F91900E6E3F4 /* Info.plist */,
				CE8D2C8C2C81F37B00E6E3F4 /* Airbnb_cloneApp.swift */,
				CE8D2CB62C81F54B00E6E3F4 /* Core */,
				CE8D2CB72C81F55400E6E3F4 /* Feature */,
				CE8D2CB82C81F56500E6E3F4 /* Product */,
				CE8D2CBA2C81F57E00E6E3F4 /* Resources */,
				CE8D2CB92C81F57400E6E3F4 /* Utils */,
				CE8D2C922C81F37E00E6E3F4 /* Preview Content */,
			);
			path = "Airbnb-clone";
			sourceTree = "<group>";
		};
		CE8D2C922C81F37E00E6E3F4 /* Preview Content */ = {
			isa = PBXGroup;
			children = (
				CE8D2C932C81F37E00E6E3F4 /* Preview Assets.xcassets */,
			);
			path = "Preview Content";
			sourceTree = "<group>";
		};
		CE8D2C9C2C81F37F00E6E3F4 /* Airbnb-cloneTests */ = {
			isa = PBXGroup;
			children = (
				CE8D2C9D2C81F37F00E6E3F4 /* Airbnb_cloneTests.swift */,
			);
			path = "Airbnb-cloneTests";
			sourceTree = "<group>";
		};
		CE8D2CA62C81F37F00E6E3F4 /* Airbnb-cloneUITests */ = {
			isa = PBXGroup;
			children = (
				CE8D2CA72C81F37F00E6E3F4 /* Airbnb_cloneUITests.swift */,
				CE8D2CA92C81F37F00E6E3F4 /* Airbnb_cloneUITestsLaunchTests.swift */,
			);
			path = "Airbnb-cloneUITests";
			sourceTree = "<group>";
		};
		CE8D2CB62C81F54B00E6E3F4 /* Core */ = {
			isa = PBXGroup;
			children = (
				CE8D2CBB2C81F6AC00E6E3F4 /* Navigation */,
			);
			path = Core;
			sourceTree = "<group>";
		};
		CE8D2CB72C81F55400E6E3F4 /* Feature */ = {
			isa = PBXGroup;
			children = (
				CE8D2CBC2C81F6D500E6E3F4 /* Login-Signup */,
				CE8D2C8E2C81F37B00E6E3F4 /* ContentView.swift */,
			);
			path = Feature;
			sourceTree = "<group>";
		};
		CE8D2CB82C81F56500E6E3F4 /* Product */ = {
			isa = PBXGroup;
			children = (
			);
			path = Product;
			sourceTree = "<group>";
		};
		CE8D2CB92C81F57400E6E3F4 /* Utils */ = {
			isa = PBXGroup;
			children = (
				CE8D2CC82C82046A00E6E3F4 /* Extension */,
				CE8D2CC52C81F8AC00E6E3F4 /* Montserrat.ttf */,
			);
			path = Utils;
			sourceTree = "<group>";
		};
		CE8D2CBA2C81F57E00E6E3F4 /* Resources */ = {
			isa = PBXGroup;
			children = (
				CE8D2C902C81F37E00E6E3F4 /* Assets.xcassets */,
			);
			path = Resources;
			sourceTree = "<group>";
		};
		CE8D2CBB2C81F6AC00E6E3F4 /* Navigation */ = {
			isa = PBXGroup;
			children = (
				CE8D2CCE2C82067700E6E3F4 /* Checkout */,
				CE8D2CD12C82070900E6E3F4 /* ViewBuilder.swift */,
				CE8D2CD32C82071C00E6E3F4 /* Router.swift */,
				CE8D2CD52C82073600E6E3F4 /* NavigationController.swift */,
				CE8D2CD72C82074C00E6E3F4 /* RootNavigationController.swift */,
				CE8D2CD92C82076900E6E3F4 /* CustomHostingController.swift */,
			);
			path = Navigation;
			sourceTree = "<group>";
		};
		CE8D2CBC2C81F6D500E6E3F4 /* Login-Signup */ = {
			isa = PBXGroup;
			children = (
				CE8D2CC32C81F76000E6E3F4 /* LoginSignupView.swift */,
			);
			path = "Login-Signup";
			sourceTree = "<group>";
		};
		CE8D2CC82C82046A00E6E3F4 /* Extension */ = {
			isa = PBXGroup;
			children = (
				CE8D2CCA2C8204C900E6E3F4 /* Custom+Font.swift */,
			);
			path = Extension;
			sourceTree = "<group>";
		};
		CE8D2CCE2C82067700E6E3F4 /* Checkout */ = {
			isa = PBXGroup;
			children = (
				CE8D2CCF2C8206D800E6E3F4 /* CheckOutNavigation.swift */,
			);
			path = Checkout;
			sourceTree = "<group>";
		};
/* End PBXGroup section */

/* Begin PBXNativeTarget section */
		CE8D2C882C81F37B00E6E3F4 /* Airbnb-clone */ = {
			isa = PBXNativeTarget;
			buildConfigurationList = CE8D2CAD2C81F37F00E6E3F4 /* Build configuration list for PBXNativeTarget "Airbnb-clone" */;
			buildPhases = (
				CE8D2C852C81F37B00E6E3F4 /* Sources */,
				CE8D2C862C81F37B00E6E3F4 /* Frameworks */,
				CE8D2C872C81F37B00E6E3F4 /* Resources */,
			);
			buildRules = (
			);
			dependencies = (
			);
			name = "Airbnb-clone";
			productName = "Airbnb-clone";
			productReference = CE8D2C892C81F37B00E6E3F4 /* Airbnb-clone.app */;
			productType = "com.apple.product-type.application";
		};
		CE8D2C982C81F37F00E6E3F4 /* Airbnb-cloneTests */ = {
			isa = PBXNativeTarget;
			buildConfigurationList = CE8D2CB02C81F37F00E6E3F4 /* Build configuration list for PBXNativeTarget "Airbnb-cloneTests" */;
			buildPhases = (
				CE8D2C952C81F37F00E6E3F4 /* Sources */,
				CE8D2C962C81F37F00E6E3F4 /* Frameworks */,
				CE8D2C972C81F37F00E6E3F4 /* Resources */,
			);
			buildRules = (
			);
			dependencies = (
				CE8D2C9B2C81F37F00E6E3F4 /* PBXTargetDependency */,
			);
			name = "Airbnb-cloneTests";
			productName = "Airbnb-cloneTests";
			productReference = CE8D2C992C81F37F00E6E3F4 /* Airbnb-cloneTests.xctest */;
			productType = "com.apple.product-type.bundle.unit-test";
		};
		CE8D2CA22C81F37F00E6E3F4 /* Airbnb-cloneUITests */ = {
			isa = PBXNativeTarget;
			buildConfigurationList = CE8D2CB32C81F37F00E6E3F4 /* Build configuration list for PBXNativeTarget "Airbnb-cloneUITests" */;
			buildPhases = (
				CE8D2C9F2C81F37F00E6E3F4 /* Sources */,
				CE8D2CA02C81F37F00E6E3F4 /* Frameworks */,
				CE8D2CA12C81F37F00E6E3F4 /* Resources */,
			);
			buildRules = (
			);
			dependencies = (
				CE8D2CA52C81F37F00E6E3F4 /* PBXTargetDependency */,
			);
			name = "Airbnb-cloneUITests";
			productName = "Airbnb-cloneUITests";
			productReference = CE8D2CA32C81F37F00E6E3F4 /* Airbnb-cloneUITests.xctest */;
			productType = "com.apple.product-type.bundle.ui-testing";
		};
/* End PBXNativeTarget section */

/* Begin PBXProject section */
		CE8D2C812C81F37B00E6E3F4 /* Project object */ = {
			isa = PBXProject;
			attributes = {
				BuildIndependentTargetsInParallel = 1;
				LastSwiftUpdateCheck = 1540;
				LastUpgradeCheck = 1540;
				TargetAttributes = {
					CE8D2C882C81F37B00E6E3F4 = {
						CreatedOnToolsVersion = 15.4;
					};
					CE8D2C982C81F37F00E6E3F4 = {
						CreatedOnToolsVersion = 15.4;
						TestTargetID = CE8D2C882C81F37B00E6E3F4;
					};
					CE8D2CA22C81F37F00E6E3F4 = {
						CreatedOnToolsVersion = 15.4;
						TestTargetID = CE8D2C882C81F37B00E6E3F4;
					};
				};
			};
			buildConfigurationList = CE8D2C842C81F37B00E6E3F4 /* Build configuration list for PBXProject "Airbnb-clone" */;
			compatibilityVersion = "Xcode 14.0";
			developmentRegion = en;
			hasScannedForEncodings = 0;
			knownRegions = (
				en,
				Base,
			);
			mainGroup = CE8D2C802C81F37B00E6E3F4;
			productRefGroup = CE8D2C8A2C81F37B00E6E3F4 /* Products */;
			projectDirPath = "";
			projectRoot = "";
			targets = (
				CE8D2C882C81F37B00E6E3F4 /* Airbnb-clone */,
				CE8D2C982C81F37F00E6E3F4 /* Airbnb-cloneTests */,
				CE8D2CA22C81F37F00E6E3F4 /* Airbnb-cloneUITests */,
			);
		};
/* End PBXProject section */

/* Begin PBXResourcesBuildPhase section */
		CE8D2C872C81F37B00E6E3F4 /* Resources */ = {
			isa = PBXResourcesBuildPhase;
			buildActionMask = 2147483647;
			files = (
				CE8D2C942C81F37E00E6E3F4 /* Preview Assets.xcassets in Resources */,
				CE8D2CC62C81F8AC00E6E3F4 /* Montserrat.ttf in Resources */,
				CE8D2C912C81F37E00E6E3F4 /* Assets.xcassets in Resources */,
			);
			runOnlyForDeploymentPostprocessing = 0;
		};
		CE8D2C972C81F37F00E6E3F4 /* Resources */ = {
			isa = PBXResourcesBuildPhase;
			buildActionMask = 2147483647;
			files = (
			);
			runOnlyForDeploymentPostprocessing = 0;
		};
		CE8D2CA12C81F37F00E6E3F4 /* Resources */ = {
			isa = PBXResourcesBuildPhase;
			buildActionMask = 2147483647;
			files = (
			);
			runOnlyForDeploymentPostprocessing = 0;
		};
/* End PBXResourcesBuildPhase section */

/* Begin PBXSourcesBuildPhase section */
		CE8D2C852C81F37B00E6E3F4 /* Sources */ = {
			isa = PBXSourcesBuildPhase;
			buildActionMask = 2147483647;
			files = (
				CE8D2CC42C81F76000E6E3F4 /* LoginSignupView.swift in Sources */,
				CE8D2CD62C82073600E6E3F4 /* NavigationController.swift in Sources */,
				CE8D2CD82C82074C00E6E3F4 /* RootNavigationController.swift in Sources */,
				CE8D2CCB2C8204C900E6E3F4 /* Custom+Font.swift in Sources */,
				CE8D2CD22C82070900E6E3F4 /* ViewBuilder.swift in Sources */,
				CE8D2CDA2C82076900E6E3F4 /* CustomHostingController.swift in Sources */,
				CE8D2CD42C82071C00E6E3F4 /* Router.swift in Sources */,
				CE8D2CD02C8206D800E6E3F4 /* CheckOutNavigation.swift in Sources */,
				CE8D2C8F2C81F37B00E6E3F4 /* ContentView.swift in Sources */,
				CE8D2C8D2C81F37B00E6E3F4 /* Airbnb_cloneApp.swift in Sources */,
			);
			runOnlyForDeploymentPostprocessing = 0;
		};
		CE8D2C952C81F37F00E6E3F4 /* Sources */ = {
			isa = PBXSourcesBuildPhase;
			buildActionMask = 2147483647;
			files = (
				CE8D2C9E2C81F37F00E6E3F4 /* Airbnb_cloneTests.swift in Sources */,
			);
			runOnlyForDeploymentPostprocessing = 0;
		};
		CE8D2C9F2C81F37F00E6E3F4 /* Sources */ = {
			isa = PBXSourcesBuildPhase;
			buildActionMask = 2147483647;
			files = (
				CE8D2CAA2C81F37F00E6E3F4 /* Airbnb_cloneUITestsLaunchTests.swift in Sources */,
				CE8D2CA82C81F37F00E6E3F4 /* Airbnb_cloneUITests.swift in Sources */,
			);
			runOnlyForDeploymentPostprocessing = 0;
		};
/* End PBXSourcesBuildPhase section */

/* Begin PBXTargetDependency section */
		CE8D2C9B2C81F37F00E6E3F4 /* PBXTargetDependency */ = {
			isa = PBXTargetDependency;
			target = CE8D2C882C81F37B00E6E3F4 /* Airbnb-clone */;
			targetProxy = CE8D2C9A2C81F37F00E6E3F4 /* PBXContainerItemProxy */;
		};
		CE8D2CA52C81F37F00E6E3F4 /* PBXTargetDependency */ = {
			isa = PBXTargetDependency;
			target = CE8D2C882C81F37B00E6E3F4 /* Airbnb-clone */;
			targetProxy = CE8D2CA42C81F37F00E6E3F4 /* PBXContainerItemProxy */;
		};
/* End PBXTargetDependency section */

/* Begin XCBuildConfiguration section */
		CE8D2CAB2C81F37F00E6E3F4 /* Debug */ = {
			isa = XCBuildConfiguration;
			buildSettings = {
				ALWAYS_SEARCH_USER_PATHS = NO;
				ASSETCATALOG_COMPILER_GENERATE_SWIFT_ASSET_SYMBOL_EXTENSIONS = YES;
				CLANG_ANALYZER_NONNULL = YES;
				CLANG_ANALYZER_NUMBER_OBJECT_CONVERSION = YES_AGGRESSIVE;
				CLANG_CXX_LANGUAGE_STANDARD = "gnu++20";
				CLANG_ENABLE_MODULES = YES;
				CLANG_ENABLE_OBJC_ARC = YES;
				CLANG_ENABLE_OBJC_WEAK = YES;
				CLANG_WARN_BLOCK_CAPTURE_AUTORELEASING = YES;
				CLANG_WARN_BOOL_CONVERSION = YES;
				CLANG_WARN_COMMA = YES;
				CLANG_WARN_CONSTANT_CONVERSION = YES;
				CLANG_WARN_DEPRECATED_OBJC_IMPLEMENTATIONS = YES;
				CLANG_WARN_DIRECT_OBJC_ISA_USAGE = YES_ERROR;
				CLANG_WARN_DOCUMENTATION_COMMENTS = YES;
				CLANG_WARN_EMPTY_BODY = YES;
				CLANG_WARN_ENUM_CONVERSION = YES;
				CLANG_WARN_INFINITE_RECURSION = YES;
				CLANG_WARN_INT_CONVERSION = YES;
				CLANG_WARN_NON_LITERAL_NULL_CONVERSION = YES;
				CLANG_WARN_OBJC_IMPLICIT_RETAIN_SELF = YES;
				CLANG_WARN_OBJC_LITERAL_CONVERSION = YES;
				CLANG_WARN_OBJC_ROOT_CLASS = YES_ERROR;
				CLANG_WARN_QUOTED_INCLUDE_IN_FRAMEWORK_HEADER = YES;
				CLANG_WARN_RANGE_LOOP_ANALYSIS = YES;
				CLANG_WARN_STRICT_PROTOTYPES = YES;
				CLANG_WARN_SUSPICIOUS_MOVE = YES;
				CLANG_WARN_UNGUARDED_AVAILABILITY = YES_AGGRESSIVE;
				CLANG_WARN_UNREACHABLE_CODE = YES;
				CLANG_WARN__DUPLICATE_METHOD_MATCH = YES;
				COPY_PHASE_STRIP = NO;
				DEBUG_INFORMATION_FORMAT = dwarf;
				ENABLE_STRICT_OBJC_MSGSEND = YES;
				ENABLE_TESTABILITY = YES;
				ENABLE_USER_SCRIPT_SANDBOXING = YES;
				GCC_C_LANGUAGE_STANDARD = gnu17;
				GCC_DYNAMIC_NO_PIC = NO;
				GCC_NO_COMMON_BLOCKS = YES;
				GCC_OPTIMIZATION_LEVEL = 0;
				GCC_PREPROCESSOR_DEFINITIONS = (
					"DEBUG=1",
					"$(inherited)",
				);
				GCC_WARN_64_TO_32_BIT_CONVERSION = YES;
				GCC_WARN_ABOUT_RETURN_TYPE = YES_ERROR;
				GCC_WARN_UNDECLARED_SELECTOR = YES;
				GCC_WARN_UNINITIALIZED_AUTOS = YES_AGGRESSIVE;
				GCC_WARN_UNUSED_FUNCTION = YES;
				GCC_WARN_UNUSED_VARIABLE = YES;
				IPHONEOS_DEPLOYMENT_TARGET = 17.5;
				LOCALIZATION_PREFERS_STRING_CATALOGS = YES;
				MTL_ENABLE_DEBUG_INFO = INCLUDE_SOURCE;
				MTL_FAST_MATH = YES;
				ONLY_ACTIVE_ARCH = YES;
				SDKROOT = iphoneos;
				SWIFT_ACTIVE_COMPILATION_CONDITIONS = "DEBUG $(inherited)";
				SWIFT_OPTIMIZATION_LEVEL = "-Onone";
			};
			name = Debug;
		};
		CE8D2CAC2C81F37F00E6E3F4 /* Release */ = {
			isa = XCBuildConfiguration;
			buildSettings = {
				ALWAYS_SEARCH_USER_PATHS = NO;
				ASSETCATALOG_COMPILER_GENERATE_SWIFT_ASSET_SYMBOL_EXTENSIONS = YES;
				CLANG_ANALYZER_NONNULL = YES;
				CLANG_ANALYZER_NUMBER_OBJECT_CONVERSION = YES_AGGRESSIVE;
				CLANG_CXX_LANGUAGE_STANDARD = "gnu++20";
				CLANG_ENABLE_MODULES = YES;
				CLANG_ENABLE_OBJC_ARC = YES;
				CLANG_ENABLE_OBJC_WEAK = YES;
				CLANG_WARN_BLOCK_CAPTURE_AUTORELEASING = YES;
				CLANG_WARN_BOOL_CONVERSION = YES;
				CLANG_WARN_COMMA = YES;
				CLANG_WARN_CONSTANT_CONVERSION = YES;
				CLANG_WARN_DEPRECATED_OBJC_IMPLEMENTATIONS = YES;
				CLANG_WARN_DIRECT_OBJC_ISA_USAGE = YES_ERROR;
				CLANG_WARN_DOCUMENTATION_COMMENTS = YES;
				CLANG_WARN_EMPTY_BODY = YES;
				CLANG_WARN_ENUM_CONVERSION = YES;
				CLANG_WARN_INFINITE_RECURSION = YES;
				CLANG_WARN_INT_CONVERSION = YES;
				CLANG_WARN_NON_LITERAL_NULL_CONVERSION = YES;
				CLANG_WARN_OBJC_IMPLICIT_RETAIN_SELF = YES;
				CLANG_WARN_OBJC_LITERAL_CONVERSION = YES;
				CLANG_WARN_OBJC_ROOT_CLASS = YES_ERROR;
				CLANG_WARN_QUOTED_INCLUDE_IN_FRAMEWORK_HEADER = YES;
				CLANG_WARN_RANGE_LOOP_ANALYSIS = YES;
				CLANG_WARN_STRICT_PROTOTYPES = YES;
				CLANG_WARN_SUSPICIOUS_MOVE = YES;
				CLANG_WARN_UNGUARDED_AVAILABILITY = YES_AGGRESSIVE;
				CLANG_WARN_UNREACHABLE_CODE = YES;
				CLANG_WARN__DUPLICATE_METHOD_MATCH = YES;
				COPY_PHASE_STRIP = NO;
				DEBUG_INFORMATION_FORMAT = "dwarf-with-dsym";
				ENABLE_NS_ASSERTIONS = NO;
				ENABLE_STRICT_OBJC_MSGSEND = YES;
				ENABLE_USER_SCRIPT_SANDBOXING = YES;
				GCC_C_LANGUAGE_STANDARD = gnu17;
				GCC_NO_COMMON_BLOCKS = YES;
				GCC_WARN_64_TO_32_BIT_CONVERSION = YES;
				GCC_WARN_ABOUT_RETURN_TYPE = YES_ERROR;
				GCC_WARN_UNDECLARED_SELECTOR = YES;
				GCC_WARN_UNINITIALIZED_AUTOS = YES_AGGRESSIVE;
				GCC_WARN_UNUSED_FUNCTION = YES;
				GCC_WARN_UNUSED_VARIABLE = YES;
				IPHONEOS_DEPLOYMENT_TARGET = 17.5;
				LOCALIZATION_PREFERS_STRING_CATALOGS = YES;
				MTL_ENABLE_DEBUG_INFO = NO;
				MTL_FAST_MATH = YES;
				SDKROOT = iphoneos;
				SWIFT_COMPILATION_MODE = wholemodule;
				VALIDATE_PRODUCT = YES;
			};
			name = Release;
		};
		CE8D2CAE2C81F37F00E6E3F4 /* Debug */ = {
			isa = XCBuildConfiguration;
			buildSettings = {
				ASSETCATALOG_COMPILER_APPICON_NAME = AppIcon;
				ASSETCATALOG_COMPILER_GLOBAL_ACCENT_COLOR_NAME = AccentColor;
				CODE_SIGN_STYLE = Automatic;
				CURRENT_PROJECT_VERSION = 1;
				DEVELOPMENT_ASSET_PATHS = "\"Airbnb-clone/Preview Content\"";
				DEVELOPMENT_TEAM = L3FSH6376S;
				ENABLE_PREVIEWS = YES;
				GENERATE_INFOPLIST_FILE = YES;
				INFOPLIST_FILE = "Airbnb-clone/Info.plist";
				INFOPLIST_KEY_UIApplicationSceneManifest_Generation = YES;
				INFOPLIST_KEY_UIApplicationSupportsIndirectInputEvents = YES;
				INFOPLIST_KEY_UILaunchScreen_Generation = YES;
				INFOPLIST_KEY_UISupportedInterfaceOrientations_iPad = "UIInterfaceOrientationPortrait UIInterfaceOrientationPortraitUpsideDown UIInterfaceOrientationLandscapeLeft UIInterfaceOrientationLandscapeRight";
				INFOPLIST_KEY_UISupportedInterfaceOrientations_iPhone = "UIInterfaceOrientationPortrait UIInterfaceOrientationLandscapeLeft UIInterfaceOrientationLandscapeRight";
				LD_RUNPATH_SEARCH_PATHS = (
					"$(inherited)",
					"@executable_path/Frameworks",
				);
				MARKETING_VERSION = 1.0;
				PRODUCT_BUNDLE_IDENTIFIER = "com.berkayyaman.Airbnb-clone";
				PRODUCT_NAME = "$(TARGET_NAME)";
				SWIFT_EMIT_LOC_STRINGS = YES;
				SWIFT_VERSION = 5.0;
				TARGETED_DEVICE_FAMILY = "1,2";
			};
			name = Debug;
		};
		CE8D2CAF2C81F37F00E6E3F4 /* Release */ = {
			isa = XCBuildConfiguration;
			buildSettings = {
				ASSETCATALOG_COMPILER_APPICON_NAME = AppIcon;
				ASSETCATALOG_COMPILER_GLOBAL_ACCENT_COLOR_NAME = AccentColor;
				CODE_SIGN_STYLE = Automatic;
				CURRENT_PROJECT_VERSION = 1;
				DEVELOPMENT_ASSET_PATHS = "\"Airbnb-clone/Preview Content\"";
				DEVELOPMENT_TEAM = L3FSH6376S;
				ENABLE_PREVIEWS = YES;
				GENERATE_INFOPLIST_FILE = YES;
				INFOPLIST_FILE = "Airbnb-clone/Info.plist";
				INFOPLIST_KEY_UIApplicationSceneManifest_Generation = YES;
				INFOPLIST_KEY_UIApplicationSupportsIndirectInputEvents = YES;
				INFOPLIST_KEY_UILaunchScreen_Generation = YES;
				INFOPLIST_KEY_UISupportedInterfaceOrientations_iPad = "UIInterfaceOrientationPortrait UIInterfaceOrientationPortraitUpsideDown UIInterfaceOrientationLandscapeLeft UIInterfaceOrientationLandscapeRight";
				INFOPLIST_KEY_UISupportedInterfaceOrientations_iPhone = "UIInterfaceOrientationPortrait UIInterfaceOrientationLandscapeLeft UIInterfaceOrientationLandscapeRight";
				LD_RUNPATH_SEARCH_PATHS = (
					"$(inherited)",
					"@executable_path/Frameworks",
				);
				MARKETING_VERSION = 1.0;
				PRODUCT_BUNDLE_IDENTIFIER = "com.berkayyaman.Airbnb-clone";
				PRODUCT_NAME = "$(TARGET_NAME)";
				SWIFT_EMIT_LOC_STRINGS = YES;
				SWIFT_VERSION = 5.0;
				TARGETED_DEVICE_FAMILY = "1,2";
			};
			name = Release;
		};
		CE8D2CB12C81F37F00E6E3F4 /* Debug */ = {
			isa = XCBuildConfiguration;
			buildSettings = {
				ALWAYS_EMBED_SWIFT_STANDARD_LIBRARIES = YES;
				BUNDLE_LOADER = "$(TEST_HOST)";
				CODE_SIGN_STYLE = Automatic;
				CURRENT_PROJECT_VERSION = 1;
				DEVELOPMENT_TEAM = L3FSH6376S;
				GENERATE_INFOPLIST_FILE = YES;
				IPHONEOS_DEPLOYMENT_TARGET = 17.5;
				MARKETING_VERSION = 1.0;
				PRODUCT_BUNDLE_IDENTIFIER = "com.berkayyaman.Airbnb-cloneTests";
				PRODUCT_NAME = "$(TARGET_NAME)";
				SWIFT_EMIT_LOC_STRINGS = NO;
				SWIFT_VERSION = 5.0;
				TARGETED_DEVICE_FAMILY = "1,2";
				TEST_HOST = "$(BUILT_PRODUCTS_DIR)/Airbnb-clone.app/$(BUNDLE_EXECUTABLE_FOLDER_PATH)/Airbnb-clone";
			};
			name = Debug;
		};
		CE8D2CB22C81F37F00E6E3F4 /* Release */ = {
			isa = XCBuildConfiguration;
			buildSettings = {
				ALWAYS_EMBED_SWIFT_STANDARD_LIBRARIES = YES;
				BUNDLE_LOADER = "$(TEST_HOST)";
				CODE_SIGN_STYLE = Automatic;
				CURRENT_PROJECT_VERSION = 1;
				DEVELOPMENT_TEAM = L3FSH6376S;
				GENERATE_INFOPLIST_FILE = YES;
				IPHONEOS_DEPLOYMENT_TARGET = 17.5;
				MARKETING_VERSION = 1.0;
				PRODUCT_BUNDLE_IDENTIFIER = "com.berkayyaman.Airbnb-cloneTests";
				PRODUCT_NAME = "$(TARGET_NAME)";
				SWIFT_EMIT_LOC_STRINGS = NO;
				SWIFT_VERSION = 5.0;
				TARGETED_DEVICE_FAMILY = "1,2";
				TEST_HOST = "$(BUILT_PRODUCTS_DIR)/Airbnb-clone.app/$(BUNDLE_EXECUTABLE_FOLDER_PATH)/Airbnb-clone";
			};
			name = Release;
		};
		CE8D2CB42C81F37F00E6E3F4 /* Debug */ = {
			isa = XCBuildConfiguration;
			buildSettings = {
				ALWAYS_EMBED_SWIFT_STANDARD_LIBRARIES = YES;
				CODE_SIGN_STYLE = Automatic;
				CURRENT_PROJECT_VERSION = 1;
				DEVELOPMENT_TEAM = L3FSH6376S;
				GENERATE_INFOPLIST_FILE = YES;
				MARKETING_VERSION = 1.0;
				PRODUCT_BUNDLE_IDENTIFIER = "com.berkayyaman.Airbnb-cloneUITests";
				PRODUCT_NAME = "$(TARGET_NAME)";
				SWIFT_EMIT_LOC_STRINGS = NO;
				SWIFT_VERSION = 5.0;
				TARGETED_DEVICE_FAMILY = "1,2";
				TEST_TARGET_NAME = "Airbnb-clone";
			};
			name = Debug;
		};
		CE8D2CB52C81F37F00E6E3F4 /* Release */ = {
			isa = XCBuildConfiguration;
			buildSettings = {
				ALWAYS_EMBED_SWIFT_STANDARD_LIBRARIES = YES;
				CODE_SIGN_STYLE = Automatic;
				CURRENT_PROJECT_VERSION = 1;
				DEVELOPMENT_TEAM = L3FSH6376S;
				GENERATE_INFOPLIST_FILE = YES;
				MARKETING_VERSION = 1.0;
				PRODUCT_BUNDLE_IDENTIFIER = "com.berkayyaman.Airbnb-cloneUITests";
				PRODUCT_NAME = "$(TARGET_NAME)";
				SWIFT_EMIT_LOC_STRINGS = NO;
				SWIFT_VERSION = 5.0;
				TARGETED_DEVICE_FAMILY = "1,2";
				TEST_TARGET_NAME = "Airbnb-clone";
			};
			name = Release;
		};
/* End XCBuildConfiguration section */

/* Begin XCConfigurationList section */
		CE8D2C842C81F37B00E6E3F4 /* Build configuration list for PBXProject "Airbnb-clone" */ = {
			isa = XCConfigurationList;
			buildConfigurations = (
				CE8D2CAB2C81F37F00E6E3F4 /* Debug */,
				CE8D2CAC2C81F37F00E6E3F4 /* Release */,
			);
			defaultConfigurationIsVisible = 0;
			defaultConfigurationName = Release;
		};
		CE8D2CAD2C81F37F00E6E3F4 /* Build configuration list for PBXNativeTarget "Airbnb-clone" */ = {
			isa = XCConfigurationList;
			buildConfigurations = (
				CE8D2CAE2C81F37F00E6E3F4 /* Debug */,
				CE8D2CAF2C81F37F00E6E3F4 /* Release */,
			);
			defaultConfigurationIsVisible = 0;
			defaultConfigurationName = Release;
		};
		CE8D2CB02C81F37F00E6E3F4 /* Build configuration list for PBXNativeTarget "Airbnb-cloneTests" */ = {
			isa = XCConfigurationList;
			buildConfigurations = (
				CE8D2CB12C81F37F00E6E3F4 /* Debug */,
				CE8D2CB22C81F37F00E6E3F4 /* Release */,
			);
			defaultConfigurationIsVisible = 0;
			defaultConfigurationName = Release;
		};
		CE8D2CB32C81F37F00E6E3F4 /* Build configuration list for PBXNativeTarget "Airbnb-cloneUITests" */ = {
			isa = XCConfigurationList;
			buildConfigurations = (
				CE8D2CB42C81F37F00E6E3F4 /* Debug */,
				CE8D2CB52C81F37F00E6E3F4 /* Release */,
			);
			defaultConfigurationIsVisible = 0;
			defaultConfigurationName = Release;
		};
/* End XCConfigurationList section */
	};
	rootObject = CE8D2C812C81F37B00E6E3F4 /* Project object */;
}
